
Microsoft Visual Studio Solution File, Format Version 12.00
# Visual Studio Version 17
VisualStudioVersion = 17.2.32616.157
MinimumVisualStudioVersion = 10.0.40219.1
Project("{FAE04EC0-301F-11D3-BF4B-00C04F79EFBC}") = "Module10.HW1", "Module10.HW1\Module10.HW1.csproj", "{E8DE7705-334E-4CEC-8441-F8CB56244061}"
EndProject
Global
	GlobalSection(SolutionConfigurationPlatforms) = preSolution
		Debug|Any CPU = Debug|Any CPU
		Release|Any CPU = Release|Any CPU
	EndGlobalSection
	GlobalSection(ProjectConfigurationPlatforms) = postSolution
		{E8DE7705-334E-4CEC-8441-F8CB56244061}.Debug|Any CPU.ActiveCfg = Debug|Any CPU
		{E8DE7705-334E-4CEC-8441-F8CB56244061}.Debug|Any CPU.Build.0 = Debug|Any CPU
		{E8DE7705-334E-4CEC-8441-F8CB56244061}.Release|Any CPU.ActiveCfg = Release|Any CPU
		{E8DE7705-334E-4CEC-8441-F8CB56244061}.Release|Any CPU.Build.0 = Release|Any CPU
	EndGlobalSection
	GlobalSection(SolutionProperties) = preSolution
		HideSolutionNode = FALSE
	EndGlobalSection
	GlobalSection(ExtensibilityGlobals) = postSolution
		SolutionGuid = {9F3B4C6F-EC8D-4ACB-9E01-549BC464953F}
	EndGlobalSection
EndGlobal
